
Microsoft Visual Studio Solution File, Format Version 12.00
# Visual Studio 15
VisualStudioVersion = 15.0.28307.168
MinimumVisualStudioVersion = 10.0.40219.1
Project("{FAE04EC0-301F-11D3-BF4B-00C04F79EFBC}") = "ShutterVerse", "ExposurePlot\ShutterVerse.csproj", "{EC574E17-BAC8-4EC6-B745-831826E13DD0}"
EndProject
Project("{FAE04EC0-301F-11D3-BF4B-00C04F79EFBC}") = "ExifLib", "Exiflib\ExifLib.csproj", "{C878A95F-E695-42FC-A714-E47DF6515679}"
EndProject
Global
	GlobalSection(SolutionConfigurationPlatforms) = preSolution
		Debug|Any CPU = Debug|Any CPU
		Release|Any CPU = Release|Any CPU
	EndGlobalSection
	GlobalSection(ProjectConfigurationPlatforms) = postSolution
		{EC574E17-BAC8-4EC6-B745-831826E13DD0}.Debug|Any CPU.ActiveCfg = Debug|Any CPU
		{EC574E17-BAC8-4EC6-B745-831826E13DD0}.Debug|Any CPU.Build.0 = Debug|Any CPU
		{EC574E17-BAC8-4EC6-B745-831826E13DD0}.Release|Any CPU.ActiveCfg = Release|Any CPU
		{EC574E17-BAC8-4EC6-B745-831826E13DD0}.Release|Any CPU.Build.0 = Release|Any CPU
		{C878A95F-E695-42FC-A714-E47DF6515679}.Debug|Any CPU.ActiveCfg = Debug|Any CPU
		{C878A95F-E695-42FC-A714-E47DF6515679}.Debug|Any CPU.Build.0 = Debug|Any CPU
		{C878A95F-E695-42FC-A714-E47DF6515679}.Release|Any CPU.ActiveCfg = Release|Any CPU
		{C878A95F-E695-42FC-A714-E47DF6515679}.Release|Any CPU.Build.0 = Release|Any CPU
	EndGlobalSection
	GlobalSection(SolutionProperties) = preSolution
		HideSolutionNode = FALSE
	EndGlobalSection
	GlobalSection(ExtensibilityGlobals) = postSolution
		SolutionGuid = {78001BC3-FED7-4941-9C82-1ACE54F44667}
	EndGlobalSection
EndGlobal
